
Microsoft Visual Studio Solution File, Format Version 12.00
# 
Project("{FAE04EC0-301F-11D3-BF4B-00C04F79EFBC}") = "API", "..\API\API.csproj", "{C7C0281C-2C90-4075-A2F3-A055F25CE12D}"
EndProject
Project("{FAE04EC0-301F-11D3-BF4B-00C04F79EFBC}") = "Infrastructure", "..\Infrastructure\Infrastructure.csproj", "{E58520A9-BBD4-42B3-B802-EA8169694AD8}"
EndProject
Project("{FAE04EC0-301F-11D3-BF4B-00C04F79EFBC}") = "Common", "..\Common\Common.csproj", "{D2C19D34-40A7-4247-85C4-17AC6BF21D01}"
EndProject
Project("{FAE04EC0-301F-11D3-BF4B-00C04F79EFBC}") = "Contracts", "..\Contracts\Contracts.csproj", "{6D370E7B-5F2F-4356-8E6A-131EDB6815A2}"
EndProject
Project("{FAE04EC0-301F-11D3-BF4B-00C04F79EFBC}") = "Application", "..\Application\Application.csproj", "{C53D2D40-C359-47FC-97CE-C084CC6B3EF2}"
EndProject
Global
	GlobalSection(SolutionConfigurationPlatforms) = preSolution
		Debug|Any CPU = Debug|Any CPU
		Release|Any CPU = Release|Any CPU
	EndGlobalSection
	GlobalSection(ProjectConfigurationPlatforms) = postSolution
		{C7C0281C-2C90-4075-A2F3-A055F25CE12D}.Debug|Any CPU.ActiveCfg = Debug|Any CPU
		{C7C0281C-2C90-4075-A2F3-A055F25CE12D}.Debug|Any CPU.Build.0 = Debug|Any CPU
		{C7C0281C-2C90-4075-A2F3-A055F25CE12D}.Release|Any CPU.ActiveCfg = Release|Any CPU
		{C7C0281C-2C90-4075-A2F3-A055F25CE12D}.Release|Any CPU.Build.0 = Release|Any CPU
		{E58520A9-BBD4-42B3-B802-EA8169694AD8}.Debug|Any CPU.ActiveCfg = Debug|Any CPU
		{E58520A9-BBD4-42B3-B802-EA8169694AD8}.Debug|Any CPU.Build.0 = Debug|Any CPU
		{E58520A9-BBD4-42B3-B802-EA8169694AD8}.Release|Any CPU.ActiveCfg = Release|Any CPU
		{E58520A9-BBD4-42B3-B802-EA8169694AD8}.Release|Any CPU.Build.0 = Release|Any CPU
		{D2C19D34-40A7-4247-85C4-17AC6BF21D01}.Debug|Any CPU.ActiveCfg = Debug|Any CPU
		{D2C19D34-40A7-4247-85C4-17AC6BF21D01}.Debug|Any CPU.Build.0 = Debug|Any CPU
		{D2C19D34-40A7-4247-85C4-17AC6BF21D01}.Release|Any CPU.ActiveCfg = Release|Any CPU
		{D2C19D34-40A7-4247-85C4-17AC6BF21D01}.Release|Any CPU.Build.0 = Release|Any CPU
		{6D370E7B-5F2F-4356-8E6A-131EDB6815A2}.Debug|Any CPU.ActiveCfg = Debug|Any CPU
		{6D370E7B-5F2F-4356-8E6A-131EDB6815A2}.Debug|Any CPU.Build.0 = Debug|Any CPU
		{6D370E7B-5F2F-4356-8E6A-131EDB6815A2}.Release|Any CPU.ActiveCfg = Release|Any CPU
		{6D370E7B-5F2F-4356-8E6A-131EDB6815A2}.Release|Any CPU.Build.0 = Release|Any CPU
		{C53D2D40-C359-47FC-97CE-C084CC6B3EF2}.Debug|Any CPU.ActiveCfg = Debug|Any CPU
		{C53D2D40-C359-47FC-97CE-C084CC6B3EF2}.Debug|Any CPU.Build.0 = Debug|Any CPU
		{C53D2D40-C359-47FC-97CE-C084CC6B3EF2}.Release|Any CPU.ActiveCfg = Release|Any CPU
		{C53D2D40-C359-47FC-97CE-C084CC6B3EF2}.Release|Any CPU.Build.0 = Release|Any CPU
	EndGlobalSection
EndGlobal
